
Microsoft Visual Studio Solution File, Format Version 12.00
# Visual Studio Version 16
VisualStudioVersion = 16.0.30320.27
MinimumVisualStudioVersion = 10.0.40219.1
Project("{FAE04EC0-301F-11D3-BF4B-00C04F79EFBC}") = "EmajCore", "EmajCore\EmajCore.csproj", "{275A44B7-7423-4515-A3DD-8AF7023DD9D1}"
EndProject
Global
	GlobalSection(SolutionConfigurationPlatforms) = preSolution
		Debug|Any CPU = Debug|Any CPU
		Release|Any CPU = Release|Any CPU
	EndGlobalSection
	GlobalSection(ProjectConfigurationPlatforms) = postSolution
		{275A44B7-7423-4515-A3DD-8AF7023DD9D1}.Debug|Any CPU.ActiveCfg = Debug|Any CPU
		{275A44B7-7423-4515-A3DD-8AF7023DD9D1}.Debug|Any CPU.Build.0 = Debug|Any CPU
		{275A44B7-7423-4515-A3DD-8AF7023DD9D1}.Release|Any CPU.ActiveCfg = Release|Any CPU
		{275A44B7-7423-4515-A3DD-8AF7023DD9D1}.Release|Any CPU.Build.0 = Release|Any CPU
	EndGlobalSection
	GlobalSection(SolutionProperties) = preSolution
		HideSolutionNode = FALSE
	EndGlobalSection
	GlobalSection(ExtensibilityGlobals) = postSolution
		SolutionGuid = {C3FC597E-9664-4C52-8D03-D3359F8F6B18}
	EndGlobalSection
EndGlobal
